// !$*UTF8*$!
{
	archiveVersion = 1;
	classes = {
	};
	objectVersion = 50;
	objects = {

/* Begin PBXBuildFile section */
		540E4941260C79BD00C289C2 /* NewsPostCellViewCell.xib in Resources */ = {isa = PBXBuildFile; fileRef = 540E4940260C79BD00C289C2 /* NewsPostCellViewCell.xib */; };
		540E4944260CAC1000C289C2 /* NewsPostCellViewCell.swift in Sources */ = {isa = PBXBuildFile; fileRef = 540E4943260CAC1000C289C2 /* NewsPostCellViewCell.swift */; };
		540E4948260CB04E00C289C2 /* NewsPostTableViewController.swift in Sources */ = {isa = PBXBuildFile; fileRef = 540E4947260CB04E00C289C2 /* NewsPostTableViewController.swift */; };
		540F3B69260A1D4C00FF7158 /* FriendTableViewHeader.swift in Sources */ = {isa = PBXBuildFile; fileRef = 540F3B68260A1D4C00FF7158 /* FriendTableViewHeader.swift */; };
		540F3B6C260A1D6C00FF7158 /* FriendTableViewHeader.xib in Resources */ = {isa = PBXBuildFile; fileRef = 540F3B6B260A1D6C00FF7158 /* FriendTableViewHeader.xib */; };
		540F3B73260A34D700FF7158 /* GradientView.swift in Sources */ = {isa = PBXBuildFile; fileRef = 540F3B72260A34D700FF7158 /* GradientView.swift */; };
		540F3B7D260BC79B00FF7158 /* PinterestLayout.swift in Sources */ = {isa = PBXBuildFile; fileRef = 540F3B7C260BC79B00FF7158 /* PinterestLayout.swift */; };
		54117C35262770960009D4BA /* Session.swift in Sources */ = {isa = PBXBuildFile; fileRef = 54117C34262770960009D4BA /* Session.swift */; };
		54117C59262B5A710009D4BA /* VkAuthViewController.swift in Sources */ = {isa = PBXBuildFile; fileRef = 54117C58262B5A710009D4BA /* VkAuthViewController.swift */; };
		5424D4EB2609EAC700EC0A34 /* FriendTableViewCell.swift in Sources */ = {isa = PBXBuildFile; fileRef = 5424D4E92609EAC700EC0A34 /* FriendTableViewCell.swift */; };
		5424D4EC2609EAC700EC0A34 /* FriendTableViewCell.xib in Resources */ = {isa = PBXBuildFile; fileRef = 5424D4EA2609EAC700EC0A34 /* FriendTableViewCell.xib */; };
		54CD205B25F8D3AE0042FAD5 /* FriendsTableViewController.swift in Sources */ = {isa = PBXBuildFile; fileRef = 54CD205A25F8D3AE0042FAD5 /* FriendsTableViewController.swift */; };
		54CD206125F8E4570042FAD5 /* AllFriendsTableViewController.swift in Sources */ = {isa = PBXBuildFile; fileRef = 54CD206025F8E4570042FAD5 /* AllFriendsTableViewController.swift */; };
		54D9628726009B3700F137C8 /* RoundedImageView.swift in Sources */ = {isa = PBXBuildFile; fileRef = 54D9628626009B3700F137C8 /* RoundedImageView.swift */; };
		54D9628A26009EC000F137C8 /* ViewWithShadow.swift in Sources */ = {isa = PBXBuildFile; fileRef = 54D9628926009EC000F137C8 /* ViewWithShadow.swift */; };
		54D962912600C15C00F137C8 /* LikeButton.swift in Sources */ = {isa = PBXBuildFile; fileRef = 54D962902600C15C00F137C8 /* LikeButton.swift */; };
		54D962942600F56500F137C8 /* PhotosViewController.swift in Sources */ = {isa = PBXBuildFile; fileRef = 54D962932600F56500F137C8 /* PhotosViewController.swift */; };
		54D962972600F7FB00F137C8 /* PhotosCollectionViewCell.swift in Sources */ = {isa = PBXBuildFile; fileRef = 54D962962600F7FB00F137C8 /* PhotosCollectionViewCell.swift */; };
		54DADA6B261586C2006CF2E4 /* BrowsingPhotosViewController.swift in Sources */ = {isa = PBXBuildFile; fileRef = 54DADA6A261586C2006CF2E4 /* BrowsingPhotosViewController.swift */; };
		54FB452725EA3DBF008D3127 /* AppDelegate.swift in Sources */ = {isa = PBXBuildFile; fileRef = 54FB452625EA3DBF008D3127 /* AppDelegate.swift */; };
		54FB452925EA3DBF008D3127 /* SceneDelegate.swift in Sources */ = {isa = PBXBuildFile; fileRef = 54FB452825EA3DBF008D3127 /* SceneDelegate.swift */; };
		54FB452B25EA3DBF008D3127 /* LoginViewController.swift in Sources */ = {isa = PBXBuildFile; fileRef = 54FB452A25EA3DBF008D3127 /* LoginViewController.swift */; };
		54FB452E25EA3DBF008D3127 /* Main.storyboard in Resources */ = {isa = PBXBuildFile; fileRef = 54FB452C25EA3DBF008D3127 /* Main.storyboard */; };
		54FB453025EA3DC2008D3127 /* Assets.xcassets in Resources */ = {isa = PBXBuildFile; fileRef = 54FB452F25EA3DC2008D3127 /* Assets.xcassets */; };
		54FB453325EA3DC2008D3127 /* LaunchScreen.storyboard in Resources */ = {isa = PBXBuildFile; fileRef = 54FB453125EA3DC2008D3127 /* LaunchScreen.storyboard */; };
/* End PBXBuildFile section */

/* Begin PBXFileReference section */
		540E4940260C79BD00C289C2 /* NewsPostCellViewCell.xib */ = {isa = PBXFileReference; lastKnownFileType = file.xib; path = NewsPostCellViewCell.xib; sourceTree = "<group>"; };
		540E4943260CAC1000C289C2 /* NewsPostCellViewCell.swift */ = {isa = PBXFileReference; lastKnownFileType = sourcecode.swift; path = NewsPostCellViewCell.swift; sourceTree = "<group>"; };
		540E4947260CB04E00C289C2 /* NewsPostTableViewController.swift */ = {isa = PBXFileReference; lastKnownFileType = sourcecode.swift; path = NewsPostTableViewController.swift; sourceTree = "<group>"; };
		540F3B68260A1D4C00FF7158 /* FriendTableViewHeader.swift */ = {isa = PBXFileReference; lastKnownFileType = sourcecode.swift; path = FriendTableViewHeader.swift; sourceTree = "<group>"; };
		540F3B6B260A1D6C00FF7158 /* FriendTableViewHeader.xib */ = {isa = PBXFileReference; lastKnownFileType = file.xib; path = FriendTableViewHeader.xib; sourceTree = "<group>"; };
		540F3B72260A34D700FF7158 /* GradientView.swift */ = {isa = PBXFileReference; lastKnownFileType = sourcecode.swift; path = GradientView.swift; sourceTree = "<group>"; };
		540F3B7C260BC79B00FF7158 /* PinterestLayout.swift */ = {isa = PBXFileReference; lastKnownFileType = sourcecode.swift; path = PinterestLayout.swift; sourceTree = "<group>"; };
		54117C34262770960009D4BA /* Session.swift */ = {isa = PBXFileReference; lastKnownFileType = sourcecode.swift; path = Session.swift; sourceTree = "<group>"; };
		54117C58262B5A710009D4BA /* VkAuthViewController.swift */ = {isa = PBXFileReference; lastKnownFileType = sourcecode.swift; path = VkAuthViewController.swift; sourceTree = "<group>"; };
		5424D4E92609EAC700EC0A34 /* FriendTableViewCell.swift */ = {isa = PBXFileReference; lastKnownFileType = sourcecode.swift; path = FriendTableViewCell.swift; sourceTree = "<group>"; };
		5424D4EA2609EAC700EC0A34 /* FriendTableViewCell.xib */ = {isa = PBXFileReference; lastKnownFileType = file.xib; path = FriendTableViewCell.xib; sourceTree = "<group>"; };
		54CD205A25F8D3AE0042FAD5 /* FriendsTableViewController.swift */ = {isa = PBXFileReference; lastKnownFileType = sourcecode.swift; path = FriendsTableViewController.swift; sourceTree = "<group>"; };
		54CD206025F8E4570042FAD5 /* AllFriendsTableViewController.swift */ = {isa = PBXFileReference; lastKnownFileType = sourcecode.swift; path = AllFriendsTableViewController.swift; sourceTree = "<group>"; };
		54D9628626009B3700F137C8 /* RoundedImageView.swift */ = {isa = PBXFileReference; lastKnownFileType = sourcecode.swift; path = RoundedImageView.swift; sourceTree = "<group>"; };
		54D9628926009EC000F137C8 /* ViewWithShadow.swift */ = {isa = PBXFileReference; lastKnownFileType = sourcecode.swift; path = ViewWithShadow.swift; sourceTree = "<group>"; };
		54D962902600C15C00F137C8 /* LikeButton.swift */ = {isa = PBXFileReference; lastKnownFileType = sourcecode.swift; path = LikeButton.swift; sourceTree = "<group>"; };
		54D962932600F56500F137C8 /* PhotosViewController.swift */ = {isa = PBXFileReference; lastKnownFileType = sourcecode.swift; path = PhotosViewController.swift; sourceTree = "<group>"; };
		54D962962600F7FB00F137C8 /* PhotosCollectionViewCell.swift */ = {isa = PBXFileReference; lastKnownFileType = sourcecode.swift; path = PhotosCollectionViewCell.swift; sourceTree = "<group>"; };
		54DADA6A261586C2006CF2E4 /* BrowsingPhotosViewController.swift */ = {isa = PBXFileReference; lastKnownFileType = sourcecode.swift; path = BrowsingPhotosViewController.swift; sourceTree = "<group>"; };
		54FB452325EA3DBF008D3127 /* VK_App.app */ = {isa = PBXFileReference; explicitFileType = wrapper.application; includeInIndex = 0; path = VK_App.app; sourceTree = BUILT_PRODUCTS_DIR; };
		54FB452625EA3DBF008D3127 /* AppDelegate.swift */ = {isa = PBXFileReference; lastKnownFileType = sourcecode.swift; path = AppDelegate.swift; sourceTree = "<group>"; };
		54FB452825EA3DBF008D3127 /* SceneDelegate.swift */ = {isa = PBXFileReference; lastKnownFileType = sourcecode.swift; path = SceneDelegate.swift; sourceTree = "<group>"; };
		54FB452A25EA3DBF008D3127 /* LoginViewController.swift */ = {isa = PBXFileReference; lastKnownFileType = sourcecode.swift; path = LoginViewController.swift; sourceTree = "<group>"; };
		54FB452D25EA3DBF008D3127 /* Base */ = {isa = PBXFileReference; lastKnownFileType = file.storyboard; name = Base; path = Base.lproj/Main.storyboard; sourceTree = "<group>"; };
		54FB452F25EA3DC2008D3127 /* Assets.xcassets */ = {isa = PBXFileReference; lastKnownFileType = folder.assetcatalog; path = Assets.xcassets; sourceTree = "<group>"; };
		54FB453225EA3DC2008D3127 /* Base */ = {isa = PBXFileReference; lastKnownFileType = file.storyboard; name = Base; path = Base.lproj/LaunchScreen.storyboard; sourceTree = "<group>"; };
		54FB453425EA3DC2008D3127 /* Info.plist */ = {isa = PBXFileReference; lastKnownFileType = text.plist.xml; path = Info.plist; sourceTree = "<group>"; };
/* End PBXFileReference section */

/* Begin PBXFrameworksBuildPhase section */
		54FB452025EA3DBF008D3127 /* Frameworks */ = {
			isa = PBXFrameworksBuildPhase;
			buildActionMask = 2147483647;
			files = (
			);
			runOnlyForDeploymentPostprocessing = 0;
		};
/* End PBXFrameworksBuildPhase section */

/* Begin PBXGroup section */
		54FB451A25EA3DBF008D3127 = {
			isa = PBXGroup;
			children = (
				54FB452525EA3DBF008D3127 /* VK_App */,
				54FB452425EA3DBF008D3127 /* Products */,
			);
			sourceTree = "<group>";
		};
		54FB452425EA3DBF008D3127 /* Products */ = {
			isa = PBXGroup;
			children = (
				54FB452325EA3DBF008D3127 /* VK_App.app */,
			);
			name = Products;
			sourceTree = "<group>";
		};
		54FB452525EA3DBF008D3127 /* VK_App */ = {
			isa = PBXGroup;
			children = (
				54FB452625EA3DBF008D3127 /* AppDelegate.swift */,
				54FB452825EA3DBF008D3127 /* SceneDelegate.swift */,
				54FB452A25EA3DBF008D3127 /* LoginViewController.swift */,
				54D962932600F56500F137C8 /* PhotosViewController.swift */,
				54D962962600F7FB00F137C8 /* PhotosCollectionViewCell.swift */,
				54D962902600C15C00F137C8 /* LikeButton.swift */,
				54D9628926009EC000F137C8 /* ViewWithShadow.swift */,
				540F3B72260A34D700FF7158 /* GradientView.swift */,
				54D9628626009B3700F137C8 /* RoundedImageView.swift */,
				54CD206025F8E4570042FAD5 /* AllFriendsTableViewController.swift */,
				54CD205A25F8D3AE0042FAD5 /* FriendsTableViewController.swift */,
				5424D4E92609EAC700EC0A34 /* FriendTableViewCell.swift */,
				5424D4EA2609EAC700EC0A34 /* FriendTableViewCell.xib */,
				540F3B68260A1D4C00FF7158 /* FriendTableViewHeader.swift */,
				540E4940260C79BD00C289C2 /* NewsPostCellViewCell.xib */,
				540E4943260CAC1000C289C2 /* NewsPostCellViewCell.swift */,
				540F3B7C260BC79B00FF7158 /* PinterestLayout.swift */,
				540F3B6B260A1D6C00FF7158 /* FriendTableViewHeader.xib */,
				54FB452C25EA3DBF008D3127 /* Main.storyboard */,
				54117C58262B5A710009D4BA /* VkAuthViewController.swift */,
				54DADA6A261586C2006CF2E4 /* BrowsingPhotosViewController.swift */,
				54117C34262770960009D4BA /* Session.swift */,
				540E4947260CB04E00C289C2 /* NewsPostTableViewController.swift */,
				54FB452F25EA3DC2008D3127 /* Assets.xcassets */,
				54FB453125EA3DC2008D3127 /* LaunchScreen.storyboard */,
				54FB453425EA3DC2008D3127 /* Info.plist */,
			);
			path = VK_App;
			sourceTree = "<group>";
		};
/* End PBXGroup section */

/* Begin PBXNativeTarget section */
		54FB452225EA3DBF008D3127 /* VK_App */ = {
			isa = PBXNativeTarget;
			buildConfigurationList = 54FB453725EA3DC2008D3127 /* Build configuration list for PBXNativeTarget "VK_App" */;
			buildPhases = (
				54FB451F25EA3DBF008D3127 /* Sources */,
				54FB452025EA3DBF008D3127 /* Frameworks */,
				54FB452125EA3DBF008D3127 /* Resources */,
			);
			buildRules = (
			);
			dependencies = (
			);
			name = VK_App;
			productName = VK_App;
			productReference = 54FB452325EA3DBF008D3127 /* VK_App.app */;
			productType = "com.apple.product-type.application";
		};
/* End PBXNativeTarget section */

/* Begin PBXProject section */
		54FB451B25EA3DBF008D3127 /* Project object */ = {
			isa = PBXProject;
			attributes = {
				LastSwiftUpdateCheck = 1240;
				LastUpgradeCheck = 1240;
				TargetAttributes = {
					54FB452225EA3DBF008D3127 = {
						CreatedOnToolsVersion = 12.4;
					};
				};
			};
			buildConfigurationList = 54FB451E25EA3DBF008D3127 /* Build configuration list for PBXProject "VK_App" */;
			compatibilityVersion = "Xcode 9.3";
			developmentRegion = en;
			hasScannedForEncodings = 0;
			knownRegions = (
				en,
				Base,
			);
			mainGroup = 54FB451A25EA3DBF008D3127;
			productRefGroup = 54FB452425EA3DBF008D3127 /* Products */;
			projectDirPath = "";
			projectRoot = "";
			targets = (
				54FB452225EA3DBF008D3127 /* VK_App */,
			);
		};
/* End PBXProject section */

/* Begin PBXResourcesBuildPhase section */
		54FB452125EA3DBF008D3127 /* Resources */ = {
			isa = PBXResourcesBuildPhase;
			buildActionMask = 2147483647;
			files = (
				54FB453325EA3DC2008D3127 /* LaunchScreen.storyboard in Resources */,
				540F3B6C260A1D6C00FF7158 /* FriendTableViewHeader.xib in Resources */,
				54FB453025EA3DC2008D3127 /* Assets.xcassets in Resources */,
				540E4941260C79BD00C289C2 /* NewsPostCellViewCell.xib in Resources */,
				54FB452E25EA3DBF008D3127 /* Main.storyboard in Resources */,
				5424D4EC2609EAC700EC0A34 /* FriendTableViewCell.xib in Resources */,
			);
			runOnlyForDeploymentPostprocessing = 0;
		};
/* End PBXResourcesBuildPhase section */

/* Begin PBXSourcesBuildPhase section */
		54FB451F25EA3DBF008D3127 /* Sources */ = {
			isa = PBXSourcesBuildPhase;
			buildActionMask = 2147483647;
			files = (
				54FB452B25EA3DBF008D3127 /* LoginViewController.swift in Sources */,
				54D962912600C15C00F137C8 /* LikeButton.swift in Sources */,
				540E4948260CB04E00C289C2 /* NewsPostTableViewController.swift in Sources */,
				540F3B69260A1D4C00FF7158 /* FriendTableViewHeader.swift in Sources */,
				54FB452725EA3DBF008D3127 /* AppDelegate.swift in Sources */,
				5424D4EB2609EAC700EC0A34 /* FriendTableViewCell.swift in Sources */,
				540E4944260CAC1000C289C2 /* NewsPostCellViewCell.swift in Sources */,
				54CD206125F8E4570042FAD5 /* AllFriendsTableViewController.swift in Sources */,
				54117C35262770960009D4BA /* Session.swift in Sources */,
				54D962972600F7FB00F137C8 /* PhotosCollectionViewCell.swift in Sources */,
				54D9628A26009EC000F137C8 /* ViewWithShadow.swift in Sources */,
				54DADA6B261586C2006CF2E4 /* BrowsingPhotosViewController.swift in Sources */,
				54CD205B25F8D3AE0042FAD5 /* FriendsTableViewController.swift in Sources */,
				54FB452925EA3DBF008D3127 /* SceneDelegate.swift in Sources */,
				540F3B7D260BC79B00FF7158 /* PinterestLayout.swift in Sources */,
				540F3B73260A34D700FF7158 /* GradientView.swift in Sources */,
				54D9628726009B3700F137C8 /* RoundedImageView.swift in Sources */,
				54D962942600F56500F137C8 /* PhotosViewController.swift in Sources */,
				54117C59262B5A710009D4BA /* VkAuthViewController.swift in Sources */,
			);
			runOnlyForDeploymentPostprocessing = 0;
		};
/* End PBXSourcesBuildPhase section */

/* Begin PBXVariantGroup section */
		54FB452C25EA3DBF008D3127 /* Main.storyboard */ = {
			isa = PBXVariantGroup;
			children = (
				54FB452D25EA3DBF008D3127 /* Base */,
			);
			name = Main.storyboard;
			sourceTree = "<group>";
		};
		54FB453125EA3DC2008D3127 /* LaunchScreen.storyboard */ = {
			isa = PBXVariantGroup;
			children = (
				54FB453225EA3DC2008D3127 /* Base */,
			);
			name = LaunchScreen.storyboard;
			sourceTree = "<group>";
		};
/* End PBXVariantGroup section */

/* Begin XCBuildConfiguration section */
		54FB453525EA3DC2008D3127 /* Debug */ = {
			isa = XCBuildConfiguration;
			buildSettings = {
				ALWAYS_SEARCH_USER_PATHS = NO;
				CLANG_ANALYZER_NONNULL = YES;
				CLANG_ANALYZER_NUMBER_OBJECT_CONVERSION = YES_AGGRESSIVE;
				CLANG_CXX_LANGUAGE_STANDARD = "gnu++14";
				CLANG_CXX_LIBRARY = "libc++";
				CLANG_ENABLE_MODULES = YES;
				CLANG_ENABLE_OBJC_ARC = YES;
				CLANG_ENABLE_OBJC_WEAK = YES;
				CLANG_WARN_BLOCK_CAPTURE_AUTORELEASING = YES;
				CLANG_WARN_BOOL_CONVERSION = YES;
				CLANG_WARN_COMMA = YES;
				CLANG_WARN_CONSTANT_CONVERSION = YES;
				CLANG_WARN_DEPRECATED_OBJC_IMPLEMENTATIONS = YES;
				CLANG_WARN_DIRECT_OBJC_ISA_USAGE = YES_ERROR;
				CLANG_WARN_DOCUMENTATION_COMMENTS = YES;
				CLANG_WARN_EMPTY_BODY = YES;
				CLANG_WARN_ENUM_CONVERSION = YES;
				CLANG_WARN_INFINITE_RECURSION = YES;
				CLANG_WARN_INT_CONVERSION = YES;
				CLANG_WARN_NON_LITERAL_NULL_CONVERSION = YES;
				CLANG_WARN_OBJC_IMPLICIT_RETAIN_SELF = YES;
				CLANG_WARN_OBJC_LITERAL_CONVERSION = YES;
				CLANG_WARN_OBJC_ROOT_CLASS = YES_ERROR;
				CLANG_WARN_QUOTED_INCLUDE_IN_FRAMEWORK_HEADER = YES;
				CLANG_WARN_RANGE_LOOP_ANALYSIS = YES;
				CLANG_WARN_STRICT_PROTOTYPES = YES;
				CLANG_WARN_SUSPICIOUS_MOVE = YES;
				CLANG_WARN_UNGUARDED_AVAILABILITY = YES_AGGRESSIVE;
				CLANG_WARN_UNREACHABLE_CODE = YES;
				CLANG_WARN__DUPLICATE_METHOD_MATCH = YES;
				COPY_PHASE_STRIP = NO;
				DEBUG_INFORMATION_FORMAT = dwarf;
				ENABLE_STRICT_OBJC_MSGSEND = YES;
				ENABLE_TESTABILITY = YES;
				GCC_C_LANGUAGE_STANDARD = gnu11;
				GCC_DYNAMIC_NO_PIC = NO;
				GCC_NO_COMMON_BLOCKS = YES;
				GCC_OPTIMIZATION_LEVEL = 0;
				GCC_PREPROCESSOR_DEFINITIONS = (
					"DEBUG=1",
					"$(inherited)",
				);
				GCC_WARN_64_TO_32_BIT_CONVERSION = YES;
				GCC_WARN_ABOUT_RETURN_TYPE = YES_ERROR;
				GCC_WARN_UNDECLARED_SELECTOR = YES;
				GCC_WARN_UNINITIALIZED_AUTOS = YES_AGGRESSIVE;
				GCC_WARN_UNUSED_FUNCTION = YES;
				GCC_WARN_UNUSED_VARIABLE = YES;
				IPHONEOS_DEPLOYMENT_TARGET = 14.4;
				MTL_ENABLE_DEBUG_INFO = INCLUDE_SOURCE;
				MTL_FAST_MATH = YES;
				ONLY_ACTIVE_ARCH = YES;
				SDKROOT = iphoneos;
				SWIFT_ACTIVE_COMPILATION_CONDITIONS = DEBUG;
				SWIFT_OPTIMIZATION_LEVEL = "-Onone";
			};
			name = Debug;
		};
		54FB453625EA3DC2008D3127 /* Release */ = {
			isa = XCBuildConfiguration;
			buildSettings = {
				ALWAYS_SEARCH_USER_PATHS = NO;
				CLANG_ANALYZER_NONNULL = YES;
				CLANG_ANALYZER_NUMBER_OBJECT_CONVERSION = YES_AGGRESSIVE;
				CLANG_CXX_LANGUAGE_STANDARD = "gnu++14";
				CLANG_CXX_LIBRARY = "libc++";
				CLANG_ENABLE_MODULES = YES;
				CLANG_ENABLE_OBJC_ARC = YES;
				CLANG_ENABLE_OBJC_WEAK = YES;
				CLANG_WARN_BLOCK_CAPTURE_AUTORELEASING = YES;
				CLANG_WARN_BOOL_CONVERSION = YES;
				CLANG_WARN_COMMA = YES;
				CLANG_WARN_CONSTANT_CONVERSION = YES;
				CLANG_WARN_DEPRECATED_OBJC_IMPLEMENTATIONS = YES;
				CLANG_WARN_DIRECT_OBJC_ISA_USAGE = YES_ERROR;
				CLANG_WARN_DOCUMENTATION_COMMENTS = YES;
				CLANG_WARN_EMPTY_BODY = YES;
				CLANG_WARN_ENUM_CONVERSION = YES;
				CLANG_WARN_INFINITE_RECURSION = YES;
				CLANG_WARN_INT_CONVERSION = YES;
				CLANG_WARN_NON_LITERAL_NULL_CONVERSION = YES;
				CLANG_WARN_OBJC_IMPLICIT_RETAIN_SELF = YES;
				CLANG_WARN_OBJC_LITERAL_CONVERSION = YES;
				CLANG_WARN_OBJC_ROOT_CLASS = YES_ERROR;
				CLANG_WARN_QUOTED_INCLUDE_IN_FRAMEWORK_HEADER = YES;
				CLANG_WARN_RANGE_LOOP_ANALYSIS = YES;
				CLANG_WARN_STRICT_PROTOTYPES = YES;
				CLANG_WARN_SUSPICIOUS_MOVE = YES;
				CLANG_WARN_UNGUARDED_AVAILABILITY = YES_AGGRESSIVE;
				CLANG_WARN_UNREACHABLE_CODE = YES;
				CLANG_WARN__DUPLICATE_METHOD_MATCH = YES;
				COPY_PHASE_STRIP = NO;
				DEBUG_INFORMATION_FORMAT = "dwarf-with-dsym";
				ENABLE_NS_ASSERTIONS = NO;
				ENABLE_STRICT_OBJC_MSGSEND = YES;
				GCC_C_LANGUAGE_STANDARD = gnu11;
				GCC_NO_COMMON_BLOCKS = YES;
				GCC_WARN_64_TO_32_BIT_CONVERSION = YES;
				GCC_WARN_ABOUT_RETURN_TYPE = YES_ERROR;
				GCC_WARN_UNDECLARED_SELECTOR = YES;
				GCC_WARN_UNINITIALIZED_AUTOS = YES_AGGRESSIVE;
				GCC_WARN_UNUSED_FUNCTION = YES;
				GCC_WARN_UNUSED_VARIABLE = YES;
				IPHONEOS_DEPLOYMENT_TARGET = 14.4;
				MTL_ENABLE_DEBUG_INFO = NO;
				MTL_FAST_MATH = YES;
				SDKROOT = iphoneos;
				SWIFT_COMPILATION_MODE = wholemodule;
				SWIFT_OPTIMIZATION_LEVEL = "-O";
				VALIDATE_PRODUCT = YES;
			};
			name = Release;
		};
		54FB453825EA3DC2008D3127 /* Debug */ = {
			isa = XCBuildConfiguration;
			buildSettings = {
				ASSETCATALOG_COMPILER_APPICON_NAME = AppIcon;
				ASSETCATALOG_COMPILER_GLOBAL_ACCENT_COLOR_NAME = AccentColor;
				CODE_SIGN_STYLE = Automatic;
				INFOPLIST_FILE = VK_App/Info.plist;
				LD_RUNPATH_SEARCH_PATHS = (
					"$(inherited)",
					"@executable_path/Frameworks",
				);
				PRODUCT_BUNDLE_IDENTIFIER = "Akbar-Shamsiddinov.VK-App";
				PRODUCT_NAME = "$(TARGET_NAME)";
				SWIFT_VERSION = 5.0;
				TARGETED_DEVICE_FAMILY = "1,2";
			};
			name = Debug;
		};
		54FB453925EA3DC2008D3127 /* Release */ = {
			isa = XCBuildConfiguration;
			buildSettings = {
				ASSETCATALOG_COMPILER_APPICON_NAME = AppIcon;
				ASSETCATALOG_COMPILER_GLOBAL_ACCENT_COLOR_NAME = AccentColor;
				CODE_SIGN_STYLE = Automatic;
				INFOPLIST_FILE = VK_App/Info.plist;
				LD_RUNPATH_SEARCH_PATHS = (
					"$(inherited)",
					"@executable_path/Frameworks",
				);
				PRODUCT_BUNDLE_IDENTIFIER = "Akbar-Shamsiddinov.VK-App";
				PRODUCT_NAME = "$(TARGET_NAME)";
				SWIFT_VERSION = 5.0;
				TARGETED_DEVICE_FAMILY = "1,2";
			};
			name = Release;
		};
/* End XCBuildConfiguration section */

/* Begin XCConfigurationList section */
		54FB451E25EA3DBF008D3127 /* Build configuration list for PBXProject "VK_App" */ = {
			isa = XCConfigurationList;
			buildConfigurations = (
				54FB453525EA3DC2008D3127 /* Debug */,
				54FB453625EA3DC2008D3127 /* Release */,
			);
			defaultConfigurationIsVisible = 0;
			defaultConfigurationName = Release;
		};
		54FB453725EA3DC2008D3127 /* Build configuration list for PBXNativeTarget "VK_App" */ = {
			isa = XCConfigurationList;
			buildConfigurations = (
				54FB453825EA3DC2008D3127 /* Debug */,
				54FB453925EA3DC2008D3127 /* Release */,
			);
			defaultConfigurationIsVisible = 0;
			defaultConfigurationName = Release;
		};
/* End XCConfigurationList section */
	};
	rootObject = 54FB451B25EA3DBF008D3127 /* Project object */;
}
